dependencies:
  78/esp-ml307:
    component_hash: d4de9738baaaa5e6655c686a6083e699f3605de54dc83233ff3328cf55a4f543
    dependencies:
    - name: idf
      require: private
      version: '>=5.3'
    source:
      registry_url: https://components.espressif.com/
      type: service
    version: 3.5.3
  espressif/esp_io_expander:
    component_hash: 034903704f65e3994d7cce9d080b19d89525cf6d416574b932826adf680f3942
    dependencies:
    - name: idf
      require: private
      version: '>=4.4.2'
    source:
      registry_url: https://components.espressif.com
      type: service
    version: 1.2.0
  espressif/esp_io_expander_tca9554:
    component_hash: 8a9e3a7dbef589a54f814ff22e9121da86bce19d0e1ccffa53f5df6bb346a140
    dependencies:
    - name: espressif/esp_io_expander
      registry_url: https://components.espressif.com
      require: public
      version: ^1.0.1
    - name: idf
      require: private
      version: '>=5.2'
    source:
      registry_url: https://components.espressif.com/
      type: service
    version: 2.0.0
  espressif/esp_io_expander_tca95xx_16bit:
    component_hash: a9608ba5753ae2a72e79fccd376fc4283343c0306d23505fbf8a46fafdbde2a2
    dependencies:
    - name: espressif/esp_io_expander
      registry_url: https://components.espressif.com
      require: public
      version: ^1.2.0
    - name: idf
      require: private
      version: '>=5.2'
    source:
      registry_url: https://components.espressif.com/
      type: service
    version: 2.0.2
  idf:
    source:
      type: idf
    version: 5.5.2
  protocol_examples_common:
    dependencies: []
    source:
      path: D:\Program\C\Espidf552\IDF552\v5.5.2\esp-idf\examples\common_components\protocol_examples_common
      type: local
    version: '*'
direct_dependencies:
- 78/esp-ml307
- espressif/esp_io_expander_tca9554
- espressif/esp_io_expander_tca95xx_16bit
- idf
- protocol_examples_common
manifest_hash: 266d89d53c21302ee14dec59814563cb1143dce86de1744fc14decaaf56f882b
target: esp32c3
version: 2.0.0
